
Microsoft Visual Studio Solution File, Format Version 12.00
# Visual Studio 15
VisualStudioVersion = 15.0.27703.2035
MinimumVisualStudioVersion = 10.0.40219.1
Project("{FAE04EC0-301F-11D3-BF4B-00C04F79EFBC}") = "GitTestApp.Android", "GitTestApp\GitTestApp.Android\GitTestApp.Android.csproj", "{5A780F7F-72DA-4A8B-9BEF-3EF2048716E7}"
EndProject
Project("{FAE04EC0-301F-11D3-BF4B-00C04F79EFBC}") = "GitTestApp.iOS", "GitTestApp\GitTestApp.iOS\GitTestApp.iOS.csproj", "{B9F0BC6E-9CDF-42CA-9E78-60F40C54628F}"
EndProject
Project("{FAE04EC0-301F-11D3-BF4B-00C04F79EFBC}") = "GitTestApp.UWP", "GitTestApp\GitTestApp.UWP\GitTestApp.UWP.csproj", "{1491B143-B6F7-41A9-92D1-AA2BC1B90FB2}"
EndProject
Project("{D954291E-2A0B-460D-934E-DC6B0785DB48}") = "GitTestApp", "GitTestApp\GitTestApp\GitTestApp.shproj", "{D2F5DE21-AE0A-4A89-8EA7-B1DAE872E688}"
EndProject
Global
	GlobalSection(SharedMSBuildProjectFiles) = preSolution
		GitTestApp\GitTestApp\GitTestApp.projitems*{1491b143-b6f7-41a9-92d1-aa2bc1b90fb2}*SharedItemsImports = 4
		GitTestApp\GitTestApp\GitTestApp.projitems*{5a780f7f-72da-4a8b-9bef-3ef2048716e7}*SharedItemsImports = 4
		GitTestApp\GitTestApp\GitTestApp.projitems*{b9f0bc6e-9cdf-42ca-9e78-60f40c54628f}*SharedItemsImports = 4
		GitTestApp\GitTestApp\GitTestApp.projitems*{d2f5de21-ae0a-4a89-8ea7-b1dae872e688}*SharedItemsImports = 13
	EndGlobalSection
	GlobalSection(SolutionConfigurationPlatforms) = preSolution
		Ad-Hoc|Any CPU = Ad-Hoc|Any CPU
		Ad-Hoc|ARM = Ad-Hoc|ARM
		Ad-Hoc|iPhone = Ad-Hoc|iPhone
		Ad-Hoc|iPhoneSimulator = Ad-Hoc|iPhoneSimulator
		Ad-Hoc|x64 = Ad-Hoc|x64
		Ad-Hoc|x86 = Ad-Hoc|x86
		AppStore|Any CPU = AppStore|Any CPU
		AppStore|ARM = AppStore|ARM
		AppStore|iPhone = AppStore|iPhone
		AppStore|iPhoneSimulator = AppStore|iPhoneSimulator
		AppStore|x64 = AppStore|x64
		AppStore|x86 = AppStore|x86
		Debug|Any CPU = Debug|Any CPU
		Debug|ARM = Debug|ARM
		Debug|iPhone = Debug|iPhone
		Debug|iPhoneSimulator = Debug|iPhoneSimulator
		Debug|x64 = Debug|x64
		Debug|x86 = Debug|x86
		Release|Any CPU = Release|Any CPU
		Release|ARM = Release|ARM
		Release|iPhone = Release|iPhone
		Release|iPhoneSimulator = Release|iPhoneSimulator
		Release|x64 = Release|x64
		Release|x86 = Release|x86
	EndGlobalSection
	GlobalSection(ProjectConfigurationPlatforms) = postSolution
		{5A780F7F-72DA-4A8B-9BEF-3EF2048716E7}.Ad-Hoc|Any CPU.ActiveCfg = Release|Any CPU
		{5A780F7F-72DA-4A8B-9BEF-3EF2048716E7}.Ad-Hoc|Any CPU.Build.0 = Release|Any CPU
		{5A780F7F-72DA-4A8B-9BEF-3EF2048716E7}.Ad-Hoc|Any CPU.Deploy.0 = Release|Any CPU
		{5A780F7F-72DA-4A8B-9BEF-3EF2048716E7}.Ad-Hoc|ARM.ActiveCfg = Release|Any CPU
		{5A780F7F-72DA-4A8B-9BEF-3EF2048716E7}.Ad-Hoc|ARM.Build.0 = Release|Any CPU
		{5A780F7F-72DA-4A8B-9BEF-3EF2048716E7}.Ad-Hoc|ARM.Deploy.0 = Release|Any CPU
		{5A780F7F-72DA-4A8B-9BEF-3EF2048716E7}.Ad-Hoc|iPhone.ActiveCfg = Release|Any CPU
		{5A780F7F-72DA-4A8B-9BEF-3EF2048716E7}.Ad-Hoc|iPhone.Build.0 = Release|Any CPU
		{5A780F7F-72DA-4A8B-9BEF-3EF2048716E7}.Ad-Hoc|iPhone.Deploy.0 = Release|Any CPU
		{5A780F7F-72DA-4A8B-9BEF-3EF2048716E7}.Ad-Hoc|iPhoneSimulator.ActiveCfg = Release|Any CPU
		{5A780F7F-72DA-4A8B-9BEF-3EF2048716E7}.Ad-Hoc|iPhoneSimulator.Build.0 = Release|Any CPU
		{5A780F7F-72DA-4A8B-9BEF-3EF2048716E7}.Ad-Hoc|iPhoneSimulator.Deploy.0 = Release|Any CPU
		{5A780F7F-72DA-4A8B-9BEF-3EF2048716E7}.Ad-Hoc|x64.ActiveCfg = Release|Any CPU
		{5A780F7F-72DA-4A8B-9BEF-3EF2048716E7}.Ad-Hoc|x64.Build.0 = Release|Any CPU
		{5A780F7F-72DA-4A8B-9BEF-3EF2048716E7}.Ad-Hoc|x64.Deploy.0 = Release|Any CPU
		{5A780F7F-72DA-4A8B-9BEF-3EF2048716E7}.Ad-Hoc|x86.ActiveCfg = Release|Any CPU
		{5A780F7F-72DA-4A8B-9BEF-3EF2048716E7}.Ad-Hoc|x86.Build.0 = Release|Any CPU
		{5A780F7F-72DA-4A8B-9BEF-3EF2048716E7}.Ad-Hoc|x86.Deploy.0 = Release|Any CPU
		{5A780F7F-72DA-4A8B-9BEF-3EF2048716E7}.AppStore|Any CPU.ActiveCfg = Release|Any CPU
		{5A780F7F-72DA-4A8B-9BEF-3EF2048716E7}.AppStore|Any CPU.Build.0 = Release|Any CPU
		{5A780F7F-72DA-4A8B-9BEF-3EF2048716E7}.AppStore|Any CPU.Deploy.0 = Release|Any CPU
		{5A780F7F-72DA-4A8B-9BEF-3EF2048716E7}.AppStore|ARM.ActiveCfg = Release|Any CPU
		{5A780F7F-72DA-4A8B-9BEF-3EF2048716E7}.AppStore|ARM.Build.0 = Release|Any CPU
		{5A780F7F-72DA-4A8B-9BEF-3EF2048716E7}.AppStore|ARM.Deploy.0 = Release|Any CPU
		{5A780F7F-72DA-4A8B-9BEF-3EF2048716E7}.AppStore|iPhone.ActiveCfg = Release|Any CPU
		{5A780F7F-72DA-4A8B-9BEF-3EF2048716E7}.AppStore|iPhone.Build.0 = Release|Any CPU
		{5A780F7F-72DA-4A8B-9BEF-3EF2048716E7}.AppStore|iPhone.Deploy.0 = Release|Any CPU
		{5A780F7F-72DA-4A8B-9BEF-3EF2048716E7}.AppStore|iPhoneSimulator.ActiveCfg = Release|Any CPU
		{5A780F7F-72DA-4A8B-9BEF-3EF2048716E7}.AppStore|iPhoneSimulator.Build.0 = Release|Any CPU
		{5A780F7F-72DA-4A8B-9BEF-3EF2048716E7}.AppStore|iPhoneSimulator.Deploy.0 = Release|Any CPU
		{5A780F7F-72DA-4A8B-9BEF-3EF2048716E7}.AppStore|x64.ActiveCfg = Release|Any CPU
		{5A780F7F-72DA-4A8B-9BEF-3EF2048716E7}.AppStore|x64.Build.0 = Release|Any CPU
		{5A780F7F-72DA-4A8B-9BEF-3EF2048716E7}.AppStore|x64.Deploy.0 = Release|Any CPU
		{5A780F7F-72DA-4A8B-9BEF-3EF2048716E7}.AppStore|x86.ActiveCfg = Release|Any CPU
		{5A780F7F-72DA-4A8B-9BEF-3EF2048716E7}.AppStore|x86.Build.0 = Release|Any CPU
		{5A780F7F-72DA-4A8B-9BEF-3EF2048716E7}.AppStore|x86.Deploy.0 = Release|Any CPU
		{5A780F7F-72DA-4A8B-9BEF-3EF2048716E7}.Debug|Any CPU.ActiveCfg = Debug|Any CPU
		{5A780F7F-72DA-4A8B-9BEF-3EF2048716E7}.Debug|Any CPU.Build.0 = Debug|Any CPU
		{5A780F7F-72DA-4A8B-9BEF-3EF2048716E7}.Debug|Any CPU.Deploy.0 = Debug|Any CPU
		{5A780F7F-72DA-4A8B-9BEF-3EF2048716E7}.Debug|ARM.ActiveCfg = Debug|Any CPU
		{5A780F7F-72DA-4A8B-9BEF-3EF2048716E7}.Debug|ARM.Build.0 = Debug|Any CPU
		{5A780F7F-72DA-4A8B-9BEF-3EF2048716E7}.Debug|ARM.Deploy.0 = Debug|Any CPU
		{5A780F7F-72DA-4A8B-9BEF-3EF2048716E7}.Debug|iPhone.ActiveCfg = Debug|Any CPU
		{5A780F7F-72DA-4A8B-9BEF-3EF2048716E7}.Debug|iPhone.Build.0 = Debug|Any CPU
		{5A780F7F-72DA-4A8B-9BEF-3EF2048716E7}.Debug|iPhone.Deploy.0 = Debug|Any CPU
		{5A780F7F-72DA-4A8B-9BEF-3EF2048716E7}.Debug|iPhoneSimulator.ActiveCfg = Debug|Any CPU
		{5A780F7F-72DA-4A8B-9BEF-3EF2048716E7}.Debug|iPhoneSimulator.Build.0 = Debug|Any CPU
		{5A780F7F-72DA-4A8B-9BEF-3EF2048716E7}.Debug|iPhoneSimulator.Deploy.0 = Debug|Any CPU
		{5A780F7F-72DA-4A8B-9BEF-3EF2048716E7}.Debug|x64.ActiveCfg = Debug|Any CPU
		{5A780F7F-72DA-4A8B-9BEF-3EF2048716E7}.Debug|x64.Build.0 = Debug|Any CPU
		{5A780F7F-72DA-4A8B-9BEF-3EF2048716E7}.Debug|x64.Deploy.0 = Debug|Any CPU
		{5A780F7F-72DA-4A8B-9BEF-3EF2048716E7}.Debug|x86.ActiveCfg = Debug|Any CPU
		{5A780F7F-72DA-4A8B-9BEF-3EF2048716E7}.Debug|x86.Build.0 = Debug|Any CPU
		{5A780F7F-72DA-4A8B-9BEF-3EF2048716E7}.Debug|x86.Deploy.0 = Debug|Any CPU
		{5A780F7F-72DA-4A8B-9BEF-3EF2048716E7}.Release|Any CPU.ActiveCfg = Release|Any CPU
		{5A780F7F-72DA-4A8B-9BEF-3EF2048716E7}.Release|Any CPU.Build.0 = Release|Any CPU
		{5A780F7F-72DA-4A8B-9BEF-3EF2048716E7}.Release|Any CPU.Deploy.0 = Release|Any CPU
		{5A780F7F-72DA-4A8B-9BEF-3EF2048716E7}.Release|ARM.ActiveCfg = Release|Any CPU
		{5A780F7F-72DA-4A8B-9BEF-3EF2048716E7}.Release|ARM.Build.0 = Release|Any CPU
		{5A780F7F-72DA-4A8B-9BEF-3EF2048716E7}.Release|ARM.Deploy.0 = Release|Any CPU
		{5A780F7F-72DA-4A8B-9BEF-3EF2048716E7}.Release|iPhone.ActiveCfg = Release|Any CPU
		{5A780F7F-72DA-4A8B-9BEF-3EF2048716E7}.Release|iPhone.Build.0 = Release|Any CPU
		{5A780F7F-72DA-4A8B-9BEF-3EF2048716E7}.Release|iPhone.Deploy.0 = Release|Any CPU
		{5A780F7F-72DA-4A8B-9BEF-3EF2048716E7}.Release|iPhoneSimulator.ActiveCfg = Release|Any CPU
		{5A780F7F-72DA-4A8B-9BEF-3EF2048716E7}.Release|iPhoneSimulator.Build.0 = Release|Any CPU
		{5A780F7F-72DA-4A8B-9BEF-3EF2048716E7}.Release|iPhoneSimulator.Deploy.0 = Release|Any CPU
		{5A780F7F-72DA-4A8B-9BEF-3EF2048716E7}.Release|x64.ActiveCfg = Release|Any CPU
		{5A780F7F-72DA-4A8B-9BEF-3EF2048716E7}.Release|x64.Build.0 = Release|Any CPU
		{5A780F7F-72DA-4A8B-9BEF-3EF2048716E7}.Release|x64.Deploy.0 = Release|Any CPU
		{5A780F7F-72DA-4A8B-9BEF-3EF2048716E7}.Release|x86.ActiveCfg = Release|Any CPU
		{5A780F7F-72DA-4A8B-9BEF-3EF2048716E7}.Release|x86.Build.0 = Release|Any CPU
		{5A780F7F-72DA-4A8B-9BEF-3EF2048716E7}.Release|x86.Deploy.0 = Release|Any CPU
		{B9F0BC6E-9CDF-42CA-9E78-60F40C54628F}.Ad-Hoc|Any CPU.ActiveCfg = Ad-Hoc|iPhone
		{B9F0BC6E-9CDF-42CA-9E78-60F40C54628F}.Ad-Hoc|Any CPU.Build.0 = Ad-Hoc|iPhone
		{B9F0BC6E-9CDF-42CA-9E78-60F40C54628F}.Ad-Hoc|Any CPU.Deploy.0 = Ad-Hoc|iPhone
		{B9F0BC6E-9CDF-42CA-9E78-60F40C54628F}.Ad-Hoc|ARM.ActiveCfg = Ad-Hoc|iPhone
		{B9F0BC6E-9CDF-42CA-9E78-60F40C54628F}.Ad-Hoc|ARM.Build.0 = Ad-Hoc|iPhone
		{B9F0BC6E-9CDF-42CA-9E78-60F40C54628F}.Ad-Hoc|ARM.Deploy.0 = Ad-Hoc|iPhone
		{B9F0BC6E-9CDF-42CA-9E78-60F40C54628F}.Ad-Hoc|iPhone.ActiveCfg = Ad-Hoc|iPhone
		{B9F0BC6E-9CDF-42CA-9E78-60F40C54628F}.Ad-Hoc|iPhone.Build.0 = Ad-Hoc|iPhone
		{B9F0BC6E-9CDF-42CA-9E78-60F40C54628F}.Ad-Hoc|iPhone.Deploy.0 = Ad-Hoc|iPhone
		{B9F0BC6E-9CDF-42CA-9E78-60F40C54628F}.Ad-Hoc|iPhoneSimulator.ActiveCfg = Ad-Hoc|iPhoneSimulator
		{B9F0BC6E-9CDF-42CA-9E78-60F40C54628F}.Ad-Hoc|iPhoneSimulator.Build.0 = Ad-Hoc|iPhoneSimulator
		{B9F0BC6E-9CDF-42CA-9E78-60F40C54628F}.Ad-Hoc|iPhoneSimulator.Deploy.0 = Ad-Hoc|iPhoneSimulator
		{B9F0BC6E-9CDF-42CA-9E78-60F40C54628F}.Ad-Hoc|x64.ActiveCfg = Ad-Hoc|iPhone
		{B9F0BC6E-9CDF-42CA-9E78-60F40C54628F}.Ad-Hoc|x64.Build.0 = Ad-Hoc|iPhone
		{B9F0BC6E-9CDF-42CA-9E78-60F40C54628F}.Ad-Hoc|x64.Deploy.0 = Ad-Hoc|iPhone
		{B9F0BC6E-9CDF-42CA-9E78-60F40C54628F}.Ad-Hoc|x86.ActiveCfg = Ad-Hoc|iPhone
		{B9F0BC6E-9CDF-42CA-9E78-60F40C54628F}.Ad-Hoc|x86.Build.0 = Ad-Hoc|iPhone
		{B9F0BC6E-9CDF-42CA-9E78-60F40C54628F}.Ad-Hoc|x86.Deploy.0 = Ad-Hoc|iPhone
		{B9F0BC6E-9CDF-42CA-9E78-60F40C54628F}.AppStore|Any CPU.ActiveCfg = AppStore|iPhone
		{B9F0BC6E-9CDF-42CA-9E78-60F40C54628F}.AppStore|Any CPU.Build.0 = AppStore|iPhone
		{B9F0BC6E-9CDF-42CA-9E78-60F40C54628F}.AppStore|Any CPU.Deploy.0 = AppStore|iPhone
		{B9F0BC6E-9CDF-42CA-9E78-60F40C54628F}.AppStore|ARM.ActiveCfg = AppStore|iPhone
		{B9F0BC6E-9CDF-42CA-9E78-60F40C54628F}.AppStore|ARM.Build.0 = AppStore|iPhone
		{B9F0BC6E-9CDF-42CA-9E78-60F40C54628F}.AppStore|ARM.Deploy.0 = AppStore|iPhone
		{B9F0BC6E-9CDF-42CA-9E78-60F40C54628F}.AppStore|iPhone.ActiveCfg = AppStore|iPhone
		{B9F0BC6E-9CDF-42CA-9E78-60F40C54628F}.AppStore|iPhone.Build.0 = AppStore|iPhone
		{B9F0BC6E-9CDF-42CA-9E78-60F40C54628F}.AppStore|iPhone.Deploy.0 = AppStore|iPhone
		{B9F0BC6E-9CDF-42CA-9E78-60F40C54628F}.AppStore|iPhoneSimulator.ActiveCfg = AppStore|iPhoneSimulator
		{B9F0BC6E-9CDF-42CA-9E78-60F40C54628F}.AppStore|iPhoneSimulator.Build.0 = AppStore|iPhoneSimulator
		{B9F0BC6E-9CDF-42CA-9E78-60F40C54628F}.AppStore|iPhoneSimulator.Deploy.0 = AppStore|iPhoneSimulator
		{B9F0BC6E-9CDF-42CA-9E78-60F40C54628F}.AppStore|x64.ActiveCfg = AppStore|iPhone
		{B9F0BC6E-9CDF-42CA-9E78-60F40C54628F}.AppStore|x64.Build.0 = AppStore|iPhone
		{B9F0BC6E-9CDF-42CA-9E78-60F40C54628F}.AppStore|x64.Deploy.0 = AppStore|iPhone
		{B9F0BC6E-9CDF-42CA-9E78-60F40C54628F}.AppStore|x86.ActiveCfg = AppStore|iPhone
		{B9F0BC6E-9CDF-42CA-9E78-60F40C54628F}.AppStore|x86.Build.0 = AppStore|iPhone
		{B9F0BC6E-9CDF-42CA-9E78-60F40C54628F}.AppStore|x86.Deploy.0 = AppStore|iPhone
		{B9F0BC6E-9CDF-42CA-9E78-60F40C54628F}.Debug|Any CPU.ActiveCfg = Debug|iPhoneSimulator
		{B9F0BC6E-9CDF-42CA-9E78-60F40C54628F}.Debug|Any CPU.Build.0 = Debug|iPhoneSimulator
		{B9F0BC6E-9CDF-42CA-9E78-60F40C54628F}.Debug|Any CPU.Deploy.0 = Debug|iPhoneSimulator
		{B9F0BC6E-9CDF-42CA-9E78-60F40C54628F}.Debug|ARM.ActiveCfg = Debug|iPhone
		{B9F0BC6E-9CDF-42CA-9E78-60F40C54628F}.Debug|ARM.Build.0 = Debug|iPhone
		{B9F0BC6E-9CDF-42CA-9E78-60F40C54628F}.Debug|ARM.Deploy.0 = Debug|iPhone
		{B9F0BC6E-9CDF-42CA-9E78-60F40C54628F}.Debug|iPhone.ActiveCfg = Debug|iPhone
		{B9F0BC6E-9CDF-42CA-9E78-60F40C54628F}.Debug|iPhone.Build.0 = Debug|iPhone
		{B9F0BC6E-9CDF-42CA-9E78-60F40C54628F}.Debug|iPhone.Deploy.0 = Debug|iPhone
		{B9F0BC6E-9CDF-42CA-9E78-60F40C54628F}.Debug|iPhoneSimulator.ActiveCfg = Debug|iPhoneSimulator
		{B9F0BC6E-9CDF-42CA-9E78-60F40C54628F}.Debug|iPhoneSimulator.Build.0 = Debug|iPhoneSimulator
		{B9F0BC6E-9CDF-42CA-9E78-60F40C54628F}.Debug|iPhoneSimulator.Deploy.0 = Debug|iPhoneSimulator
		{B9F0BC6E-9CDF-42CA-9E78-60F40C54628F}.Debug|x64.ActiveCfg = Debug|iPhone
		{B9F0BC6E-9CDF-42CA-9E78-60F40C54628F}.Debug|x64.Build.0 = Debug|iPhone
		{B9F0BC6E-9CDF-42CA-9E78-60F40C54628F}.Debug|x64.Deploy.0 = Debug|iPhone
		{B9F0BC6E-9CDF-42CA-9E78-60F40C54628F}.Debug|x86.ActiveCfg = Debug|iPhone
		{B9F0BC6E-9CDF-42CA-9E78-60F40C54628F}.Debug|x86.Build.0 = Debug|iPhone
		{B9F0BC6E-9CDF-42CA-9E78-60F40C54628F}.Debug|x86.Deploy.0 = Debug|iPhone
		{B9F0BC6E-9CDF-42CA-9E78-60F40C54628F}.Release|Any CPU.ActiveCfg = Release|iPhone
		{B9F0BC6E-9CDF-42CA-9E78-60F40C54628F}.Release|Any CPU.Build.0 = Release|iPhone
		{B9F0BC6E-9CDF-42CA-9E78-60F40C54628F}.Release|Any CPU.Deploy.0 = Release|iPhone
		{B9F0BC6E-9CDF-42CA-9E78-60F40C54628F}.Release|ARM.ActiveCfg = Release|iPhone
		{B9F0BC6E-9CDF-42CA-9E78-60F40C54628F}.Release|ARM.Build.0 = Release|iPhone
		{B9F0BC6E-9CDF-42CA-9E78-60F40C54628F}.Release|ARM.Deploy.0 = Release|iPhone
		{B9F0BC6E-9CDF-42CA-9E78-60F40C54628F}.Release|iPhone.ActiveCfg = Release|iPhone
		{B9F0BC6E-9CDF-42CA-9E78-60F40C54628F}.Release|iPhone.Build.0 = Release|iPhone
		{B9F0BC6E-9CDF-42CA-9E78-60F40C54628F}.Release|iPhone.Deploy.0 = Release|iPhone
		{B9F0BC6E-9CDF-42CA-9E78-60F40C54628F}.Release|iPhoneSimulator.ActiveCfg = Release|iPhoneSimulator
		{B9F0BC6E-9CDF-42CA-9E78-60F40C54628F}.Release|iPhoneSimulator.Build.0 = Release|iPhoneSimulator
		{B9F0BC6E-9CDF-42CA-9E78-60F40C54628F}.Release|iPhoneSimulator.Deploy.0 = Release|iPhoneSimulator
		{B9F0BC6E-9CDF-42CA-9E78-60F40C54628F}.Release|x64.ActiveCfg = Release|iPhone
		{B9F0BC6E-9CDF-42CA-9E78-60F40C54628F}.Release|x64.Build.0 = Release|iPhone
		{B9F0BC6E-9CDF-42CA-9E78-60F40C54628F}.Release|x64.Deploy.0 = Release|iPhone
		{B9F0BC6E-9CDF-42CA-9E78-60F40C54628F}.Release|x86.ActiveCfg = Release|iPhone
		{B9F0BC6E-9CDF-42CA-9E78-60F40C54628F}.Release|x86.Build.0 = Release|iPhone
		{B9F0BC6E-9CDF-42CA-9E78-60F40C54628F}.Release|x86.Deploy.0 = Release|iPhone
		{1491B143-B6F7-41A9-92D1-AA2BC1B90FB2}.Ad-Hoc|Any CPU.ActiveCfg = Release|x86
		{1491B143-B6F7-41A9-92D1-AA2BC1B90FB2}.Ad-Hoc|Any CPU.Build.0 = Release|x86
		{1491B143-B6F7-41A9-92D1-AA2BC1B90FB2}.Ad-Hoc|Any CPU.Deploy.0 = Release|x86
		{1491B143-B6F7-41A9-92D1-AA2BC1B90FB2}.Ad-Hoc|ARM.ActiveCfg = Release|ARM
		{1491B143-B6F7-41A9-92D1-AA2BC1B90FB2}.Ad-Hoc|ARM.Build.0 = Release|ARM
		{1491B143-B6F7-41A9-92D1-AA2BC1B90FB2}.Ad-Hoc|ARM.Deploy.0 = Release|ARM
		{1491B143-B6F7-41A9-92D1-AA2BC1B90FB2}.Ad-Hoc|iPhone.ActiveCfg = Release|x86
		{1491B143-B6F7-41A9-92D1-AA2BC1B90FB2}.Ad-Hoc|iPhone.Build.0 = Release|x86
		{1491B143-B6F7-41A9-92D1-AA2BC1B90FB2}.Ad-Hoc|iPhone.Deploy.0 = Release|x86
		{1491B143-B6F7-41A9-92D1-AA2BC1B90FB2}.Ad-Hoc|iPhoneSimulator.ActiveCfg = Release|x86
		{1491B143-B6F7-41A9-92D1-AA2BC1B90FB2}.Ad-Hoc|iPhoneSimulator.Build.0 = Release|x86
		{1491B143-B6F7-41A9-92D1-AA2BC1B90FB2}.Ad-Hoc|iPhoneSimulator.Deploy.0 = Release|x86
		{1491B143-B6F7-41A9-92D1-AA2BC1B90FB2}.Ad-Hoc|x64.ActiveCfg = Release|x64
		{1491B143-B6F7-41A9-92D1-AA2BC1B90FB2}.Ad-Hoc|x64.Build.0 = Release|x64
		{1491B143-B6F7-41A9-92D1-AA2BC1B90FB2}.Ad-Hoc|x64.Deploy.0 = Release|x64
		{1491B143-B6F7-41A9-92D1-AA2BC1B90FB2}.Ad-Hoc|x86.ActiveCfg = Release|x86
		{1491B143-B6F7-41A9-92D1-AA2BC1B90FB2}.Ad-Hoc|x86.Build.0 = Release|x86
		{1491B143-B6F7-41A9-92D1-AA2BC1B90FB2}.Ad-Hoc|x86.Deploy.0 = Release|x86
		{1491B143-B6F7-41A9-92D1-AA2BC1B90FB2}.AppStore|Any CPU.ActiveCfg = Release|x86
		{1491B143-B6F7-41A9-92D1-AA2BC1B90FB2}.AppStore|Any CPU.Build.0 = Release|x86
		{1491B143-B6F7-41A9-92D1-AA2BC1B90FB2}.AppStore|Any CPU.Deploy.0 = Release|x86
		{1491B143-B6F7-41A9-92D1-AA2BC1B90FB2}.AppStore|ARM.ActiveCfg = Release|ARM
		{1491B143-B6F7-41A9-92D1-AA2BC1B90FB2}.AppStore|ARM.Build.0 = Release|ARM
		{1491B143-B6F7-41A9-92D1-AA2BC1B90FB2}.AppStore|ARM.Deploy.0 = Release|ARM
		{1491B143-B6F7-41A9-92D1-AA2BC1B90FB2}.AppStore|iPhone.ActiveCfg = Release|x86
		{1491B143-B6F7-41A9-92D1-AA2BC1B90FB2}.AppStore|iPhone.Build.0 = Release|x86
		{1491B143-B6F7-41A9-92D1-AA2BC1B90FB2}.AppStore|iPhone.Deploy.0 = Release|x86
		{1491B143-B6F7-41A9-92D1-AA2BC1B90FB2}.AppStore|iPhoneSimulator.ActiveCfg = Release|x86
		{1491B143-B6F7-41A9-92D1-AA2BC1B90FB2}.AppStore|iPhoneSimulator.Build.0 = Release|x86
		{1491B143-B6F7-41A9-92D1-AA2BC1B90FB2}.AppStore|iPhoneSimulator.Deploy.0 = Release|x86
		{1491B143-B6F7-41A9-92D1-AA2BC1B90FB2}.AppStore|x64.ActiveCfg = Release|x64
		{1491B143-B6F7-41A9-92D1-AA2BC1B90FB2}.AppStore|x64.Build.0 = Release|x64
		{1491B143-B6F7-41A9-92D1-AA2BC1B90FB2}.AppStore|x64.Deploy.0 = Release|x64
		{1491B143-B6F7-41A9-92D1-AA2BC1B90FB2}.AppStore|x86.ActiveCfg = Release|x86
		{1491B143-B6F7-41A9-92D1-AA2BC1B90FB2}.AppStore|x86.Build.0 = Release|x86
		{1491B143-B6F7-41A9-92D1-AA2BC1B90FB2}.AppStore|x86.Deploy.0 = Release|x86
		{1491B143-B6F7-41A9-92D1-AA2BC1B90FB2}.Debug|Any CPU.ActiveCfg = Debug|x86
		{1491B143-B6F7-41A9-92D1-AA2BC1B90FB2}.Debug|Any CPU.Build.0 = Debug|x86
		{1491B143-B6F7-41A9-92D1-AA2BC1B90FB2}.Debug|Any CPU.Deploy.0 = Debug|x86
		{1491B143-B6F7-41A9-92D1-AA2BC1B90FB2}.Debug|ARM.ActiveCfg = Debug|ARM
		{1491B143-B6F7-41A9-92D1-AA2BC1B90FB2}.Debug|ARM.Build.0 = Debug|ARM
		{1491B143-B6F7-41A9-92D1-AA2BC1B90FB2}.Debug|ARM.Deploy.0 = Debug|ARM
		{1491B143-B6F7-41A9-92D1-AA2BC1B90FB2}.Debug|iPhone.ActiveCfg = Debug|x86
		{1491B143-B6F7-41A9-92D1-AA2BC1B90FB2}.Debug|iPhone.Build.0 = Debug|x86
		{1491B143-B6F7-41A9-92D1-AA2BC1B90FB2}.Debug|iPhone.Deploy.0 = Debug|x86
		{1491B143-B6F7-41A9-92D1-AA2BC1B90FB2}.Debug|iPhoneSimulator.ActiveCfg = Debug|x86
		{1491B143-B6F7-41A9-92D1-AA2BC1B90FB2}.Debug|iPhoneSimulator.Build.0 = Debug|x86
		{1491B143-B6F7-41A9-92D1-AA2BC1B90FB2}.Debug|iPhoneSimulator.Deploy.0 = Debug|x86
		{1491B143-B6F7-41A9-92D1-AA2BC1B90FB2}.Debug|x64.ActiveCfg = Debug|x64
		{1491B143-B6F7-41A9-92D1-AA2BC1B90FB2}.Debug|x64.Build.0 = Debug|x64
		{1491B143-B6F7-41A9-92D1-AA2BC1B90FB2}.Debug|x64.Deploy.0 = Debug|x64
		{1491B143-B6F7-41A9-92D1-AA2BC1B90FB2}.Debug|x86.ActiveCfg = Debug|x86
		{1491B143-B6F7-41A9-92D1-AA2BC1B90FB2}.Debug|x86.Build.0 = Debug|x86
		{1491B143-B6F7-41A9-92D1-AA2BC1B90FB2}.Debug|x86.Deploy.0 = Debug|x86
		{1491B143-B6F7-41A9-92D1-AA2BC1B90FB2}.Release|Any CPU.ActiveCfg = Release|x86
		{1491B143-B6F7-41A9-92D1-AA2BC1B90FB2}.Release|Any CPU.Build.0 = Release|x86
		{1491B143-B6F7-41A9-92D1-AA2BC1B90FB2}.Release|Any CPU.Deploy.0 = Release|x86
		{1491B143-B6F7-41A9-92D1-AA2BC1B90FB2}.Release|ARM.ActiveCfg = Release|ARM
		{1491B143-B6F7-41A9-92D1-AA2BC1B90FB2}.Release|ARM.Build.0 = Release|ARM
		{1491B143-B6F7-41A9-92D1-AA2BC1B90FB2}.Release|ARM.Deploy.0 = Release|ARM
		{1491B143-B6F7-41A9-92D1-AA2BC1B90FB2}.Release|iPhone.ActiveCfg = Release|x86
		{1491B143-B6F7-41A9-92D1-AA2BC1B90FB2}.Release|iPhone.Build.0 = Release|x86
		{1491B143-B6F7-41A9-92D1-AA2BC1B90FB2}.Release|iPhone.Deploy.0 = Release|x86
		{1491B143-B6F7-41A9-92D1-AA2BC1B90FB2}.Release|iPhoneSimulator.ActiveCfg = Release|x86
		{1491B143-B6F7-41A9-92D1-AA2BC1B90FB2}.Release|iPhoneSimulator.Build.0 = Release|x86
		{1491B143-B6F7-41A9-92D1-AA2BC1B90FB2}.Release|iPhoneSimulator.Deploy.0 = Release|x86
		{1491B143-B6F7-41A9-92D1-AA2BC1B90FB2}.Release|x64.ActiveCfg = Release|x64
		{1491B143-B6F7-41A9-92D1-AA2BC1B90FB2}.Release|x64.Build.0 = Release|x64
		{1491B143-B6F7-41A9-92D1-AA2BC1B90FB2}.Release|x64.Deploy.0 = Release|x64
		{1491B143-B6F7-41A9-92D1-AA2BC1B90FB2}.Release|x86.ActiveCfg = Release|x86
		{1491B143-B6F7-41A9-92D1-AA2BC1B90FB2}.Release|x86.Build.0 = Release|x86
		{1491B143-B6F7-41A9-92D1-AA2BC1B90FB2}.Release|x86.Deploy.0 = Release|x86
	EndGlobalSection
	GlobalSection(SolutionProperties) = preSolution
		HideSolutionNode = FALSE
	EndGlobalSection
	GlobalSection(ExtensibilityGlobals) = postSolution
		SolutionGuid = {A4F27517-D75C-427A-A3B6-0F9D8BE52C78}
	EndGlobalSection
EndGlobal
